
Microsoft Visual Studio Solution File, Format Version 12.00
# Visual Studio Version 16
VisualStudioVersion = 16.0.31515.178
MinimumVisualStudioVersion = 10.0.40219.1
Project("{FAE04EC0-301F-11D3-BF4B-00C04F79EFBC}") = "BeiderMorse.Encoder", "BeiderMorse.Encoder\BeiderMorse.Encoder.csproj", "{A0C6A841-C8B7-4EDC-8B09-67054074EC98}"
EndProject
Project("{FAE04EC0-301F-11D3-BF4B-00C04F79EFBC}") = "BeiderMorse.Test", "BeiderMorse.Test\BeiderMorse.Test.csproj", "{A17B47BB-482B-4C3C-BEE9-1FF92A26AA28}"
EndProject
Global
	GlobalSection(SolutionConfigurationPlatforms) = preSolution
		Debug|Any CPU = Debug|Any CPU
		Release|Any CPU = Release|Any CPU
	EndGlobalSection
	GlobalSection(ProjectConfigurationPlatforms) = postSolution
		{A0C6A841-C8B7-4EDC-8B09-67054074EC98}.Debug|Any CPU.ActiveCfg = Debug|Any CPU
		{A0C6A841-C8B7-4EDC-8B09-67054074EC98}.Debug|Any CPU.Build.0 = Debug|Any CPU
		{A0C6A841-C8B7-4EDC-8B09-67054074EC98}.Release|Any CPU.ActiveCfg = Release|Any CPU
		{A0C6A841-C8B7-4EDC-8B09-67054074EC98}.Release|Any CPU.Build.0 = Release|Any CPU
		{A17B47BB-482B-4C3C-BEE9-1FF92A26AA28}.Debug|Any CPU.ActiveCfg = Debug|Any CPU
		{A17B47BB-482B-4C3C-BEE9-1FF92A26AA28}.Debug|Any CPU.Build.0 = Debug|Any CPU
		{A17B47BB-482B-4C3C-BEE9-1FF92A26AA28}.Release|Any CPU.ActiveCfg = Release|Any CPU
		{A17B47BB-482B-4C3C-BEE9-1FF92A26AA28}.Release|Any CPU.Build.0 = Release|Any CPU
	EndGlobalSection
	GlobalSection(SolutionProperties) = preSolution
		HideSolutionNode = FALSE
	EndGlobalSection
	GlobalSection(ExtensibilityGlobals) = postSolution
		SolutionGuid = {19B91260-7B4C-4F97-9666-97D3FFE968D4}
	EndGlobalSection
EndGlobal
